{
	"name": "proyect1",
	"version": "1.1.1",
	"lockfileVersion": 1,
	"requires": true,
	"dependencies": {
		"test2": {
			"version": "1.0.5",
			"resolved": "https://registry.npmjs.org/test2/-/test2-1.0.5.tgz",
			"integrity": "sha1-lo4bJ96VOZjbfRP89u30vXZ4MNU="
		},
		"test3": {
			"version": "1.0.4",
			"resolved": "https://registry.npmjs.org/test3/-/test3-1.0.4.tgz",
			"integrity": "sha1-DuE1sasUg0YP4NN27gNUroZQmQU="
		},
		"test4": {
			"version": "1.0.2",
			"resolved": "https://registry.npmjs.org/test4/-/test4-1.0.2.tgz",
			"integrity": "sha1-KwmYNoPIE/r6G4m0HMAPtfFoQJM="
		}
	}
}
